Microsoft Visual Studio Solution File, Format Version 12.00
# Visual Studio Version 17
VisualStudioVersion = 17.7.34221.43
MinimumVisualStudioVersion = 10.0.40219.1
Project("{8BC9CEB8-8B4A-11D0-8D11-00A0C91BC942}") = "efilib", ".vs\efilib.vcxproj", "{3135D563-9596-4584-9ED6-616ADEC52974}"
EndProject
Project("{2150E333-8FDC-42A3-9474-1A3956D46DE8}") = "apps", "apps", "{DF105116-5A3A-4D48-AB1D-7221690ED545}"
EndProject
Project("{8BC9CEB8-8B4A-11D0-8D11-00A0C91BC942}") = "AllocPages", ".vs\apps\AllocPages.vcxproj", "{DFA0BA98-D0BA-4176-9A34-B5BA6355B1DE}"
	ProjectSection(ProjectDependencies) = postProject
		{3135D563-9596-4584-9ED6-616ADEC52974} = {3135D563-9596-4584-9ED6-616ADEC52974}
	EndProjectSection
EndProject
Project("{8BC9CEB8-8B4A-11D0-8D11-00A0C91BC942}") = "bltgrid", ".vs\apps\bltgrid.vcxproj", "{7FD7832D-F7C7-4B3F-9B6D-8A48BDC74E6C}"
	ProjectSection(ProjectDependencies) = postProject
		{3135D563-9596-4584-9ED6-616ADEC52974} = {3135D563-9596-4584-9ED6-616ADEC52974}
	EndProjectSection
EndProject
Project("{8BC9CEB8-8B4A-11D0-8D11-00A0C91BC942}") = "drv0", ".vs\apps\drv0.vcxproj", "{ED1B23FB-FCCA-4ED7-9E99-EEAAD9F2FB7F}"
	ProjectSection(ProjectDependencies) = postProject
		{3135D563-9596-4584-9ED6-616ADEC52974} = {3135D563-9596-4584-9ED6-616ADEC52974}
	EndProjectSection
EndProject
Project("{8BC9CEB8-8B4A-11D0-8D11-00A0C91BC942}") = "drv0_use", ".vs\apps\drv0_use.vcxproj", "{3947DB96-3A01-4F8C-B7C1-2C4D6C00D640}"
	ProjectSection(ProjectDependencies) = postProject
		{3135D563-9596-4584-9ED6-616ADEC52974} = {3135D563-9596-4584-9ED6-616ADEC52974}
	EndProjectSection
EndProject
Project("{8BC9CEB8-8B4A-11D0-8D11-00A0C91BC942}") = "exit", ".vs\apps\exit.vcxproj", "{80BD2830-EF30-4110-97BA-1B9A7B855996}"
	ProjectSection(ProjectDependencies) = postProject
		{3135D563-9596-4584-9ED6-616ADEC52974} = {3135D563-9596-4584-9ED6-616ADEC52974}
	EndProjectSection
EndProject
Project("{8BC9CEB8-8B4A-11D0-8D11-00A0C91BC942}") = "FreePages", ".vs\apps\FreePages.vcxproj", "{627A0AFB-B9A9-4FC9-9D6B-4D9E227A0666}"
	ProjectSection(ProjectDependencies) = postProject
		{3135D563-9596-4584-9ED6-616ADEC52974} = {3135D563-9596-4584-9ED6-616ADEC52974}
	EndProjectSection
EndProject
Project("{8BC9CEB8-8B4A-11D0-8D11-00A0C91BC942}") = "lfbgrid", ".vs\apps\lfbgrid.vcxproj", "{7C059723-3CD2-484B-8064-238CE7A437BD}"
	ProjectSection(ProjectDependencies) = postProject
		{3135D563-9596-4584-9ED6-616ADEC52974} = {3135D563-9596-4584-9ED6-616ADEC52974}
	EndProjectSection
EndProject
Project("{8BC9CEB8-8B4A-11D0-8D11-00A0C91BC942}") = "modelist", ".vs\apps\modelist.vcxproj", "{5AD238D9-79AA-4166-BC86-EF759EA45BAB}"
	ProjectSection(ProjectDependencies) = postProject
		{3135D563-9596-4584-9ED6-616ADEC52974} = {3135D563-9596-4584-9ED6-616ADEC52974}
	EndProjectSection
EndProject
Project("{8BC9CEB8-8B4A-11D0-8D11-00A0C91BC942}") = "printenv", ".vs\apps\printenv.vcxproj", "{731CD95E-7CCD-495F-9456-E2D71357C807}"
	ProjectSection(ProjectDependencies) = postProject
		{3135D563-9596-4584-9ED6-616ADEC52974} = {3135D563-9596-4584-9ED6-616ADEC52974}
	EndProjectSection
EndProject
Project("{8BC9CEB8-8B4A-11D0-8D11-00A0C91BC942}") = "route80h", ".vs\apps\route80h.vcxproj", "{6F1EB89D-8968-4C3B-9F77-B23788F2D8C1}"
	ProjectSection(ProjectDependencies) = postProject
		{3135D563-9596-4584-9ED6-616ADEC52974} = {3135D563-9596-4584-9ED6-616ADEC52974}
	EndProjectSection
EndProject
Project("{8BC9CEB8-8B4A-11D0-8D11-00A0C91BC942}") = "setdbg", ".vs\apps\setdbg.vcxproj", "{5D8EA8B2-C75F-4E3A-B0BC-E6B77AC77FF5}"
	ProjectSection(ProjectDependencies) = postProject
		{3135D563-9596-4584-9ED6-616ADEC52974} = {3135D563-9596-4584-9ED6-616ADEC52974}
	EndProjectSection
EndProject
Project("{8BC9CEB8-8B4A-11D0-8D11-00A0C91BC942}") = "t", ".vs\apps\t.vcxproj", "{9BA1F692-0824-442E-B700-69C3D85D64EE}"
	ProjectSection(ProjectDependencies) = postProject
		{3135D563-9596-4584-9ED6-616ADEC52974} = {3135D563-9596-4584-9ED6-616ADEC52974}
	EndProjectSection
EndProject
Project("{8BC9CEB8-8B4A-11D0-8D11-00A0C91BC942}") = "t2", ".vs\apps\t2.vcxproj", "{DCB81D4D-15B8-440D-A757-5B0036C0F4F6}"
	ProjectSection(ProjectDependencies) = postProject
		{3135D563-9596-4584-9ED6-616ADEC52974} = {3135D563-9596-4584-9ED6-616ADEC52974}
	EndProjectSection
EndProject
Project("{8BC9CEB8-8B4A-11D0-8D11-00A0C91BC942}") = "t3", ".vs\apps\t3.vcxproj", "{AFF91400-F772-419A-9463-D9900B43C666}"
	ProjectSection(ProjectDependencies) = postProject
		{3135D563-9596-4584-9ED6-616ADEC52974} = {3135D563-9596-4584-9ED6-616ADEC52974}
	EndProjectSection
EndProject
Project("{8BC9CEB8-8B4A-11D0-8D11-00A0C91BC942}") = "t4", ".vs\apps\t4.vcxproj", "{3428718B-4B7E-48F5-8D15-B9F3E3CFF38E}"
	ProjectSection(ProjectDependencies) = postProject
		{3135D563-9596-4584-9ED6-616ADEC52974} = {3135D563-9596-4584-9ED6-616ADEC52974}
	EndProjectSection
EndProject
Project("{8BC9CEB8-8B4A-11D0-8D11-00A0C91BC942}") = "t5", ".vs\apps\t5.vcxproj", "{7F52AAA4-2071-49D6-A783-529D3CB5AF61}"
	ProjectSection(ProjectDependencies) = postProject
		{3135D563-9596-4584-9ED6-616ADEC52974} = {3135D563-9596-4584-9ED6-616ADEC52974}
	EndProjectSection
EndProject
Project("{8BC9CEB8-8B4A-11D0-8D11-00A0C91BC942}") = "t6", ".vs\apps\t6.vcxproj", "{0AE45092-20C3-4999-BFDC-77F2D0FDFF60}"
	ProjectSection(ProjectDependencies) = postProject
		{3135D563-9596-4584-9ED6-616ADEC52974} = {3135D563-9596-4584-9ED6-616ADEC52974}
	EndProjectSection
EndProject
Project("{8BC9CEB8-8B4A-11D0-8D11-00A0C91BC942}") = "t7", ".vs\apps\t7.vcxproj", "{04D2685F-8150-47E0-BC10-338D2D6B804C}"
	ProjectSection(ProjectDependencies) = postProject
		{3135D563-9596-4584-9ED6-616ADEC52974} = {3135D563-9596-4584-9ED6-616ADEC52974}
	EndProjectSection
EndProject
Project("{8BC9CEB8-8B4A-11D0-8D11-00A0C91BC942}") = "t8", ".vs\apps\t8.vcxproj", "{6C664A44-BC53-4225-A14B-D969D4EED647}"
	ProjectSection(ProjectDependencies) = postProject
		{3135D563-9596-4584-9ED6-616ADEC52974} = {3135D563-9596-4584-9ED6-616ADEC52974}
	EndProjectSection
EndProject
Project("{8BC9CEB8-8B4A-11D0-8D11-00A0C91BC942}") = "tcc", ".vs\apps\tcc.vcxproj", "{6E45A33B-E4A0-48D4-81AE-ACFD46FDB1CA}"
	ProjectSection(ProjectDependencies) = postProject
		{3135D563-9596-4584-9ED6-616ADEC52974} = {3135D563-9596-4584-9ED6-616ADEC52974}
	EndProjectSection
EndProject
Project("{8BC9CEB8-8B4A-11D0-8D11-00A0C91BC942}") = "unsetdbg", ".vs\apps\unsetdbg.vcxproj", "{06089797-265A-4FF5-838E-25374C1F0159}"
	ProjectSection(ProjectDependencies) = postProject
		{3135D563-9596-4584-9ED6-616ADEC52974} = {3135D563-9596-4584-9ED6-616ADEC52974}
	EndProjectSection
EndProject
Global
	GlobalSection(SolutionConfigurationPlatforms) = preSolution
		Debug|aa64 = Debug|aa64
		Debug|arm = Debug|arm
		Debug|ia32 = Debug|ia32
		Debug|x64 = Debug|x64
		Release|aa64 = Release|aa64
		Release|arm = Release|arm
		Release|ia32 = Release|ia32
		Release|x64 = Release|x64
	EndGlobalSection
	GlobalSection(ProjectConfigurationPlatforms) = postSolution
		{3135D563-9596-4584-9ED6-616ADEC52974}.Debug|aa64.ActiveCfg = Debug|ARM64
		{3135D563-9596-4584-9ED6-616ADEC52974}.Debug|aa64.Build.0 = Debug|ARM64
		{3135D563-9596-4584-9ED6-616ADEC52974}.Debug|arm.ActiveCfg = Debug|ARM
		{3135D563-9596-4584-9ED6-616ADEC52974}.Debug|arm.Build.0 = Debug|ARM
		{3135D563-9596-4584-9ED6-616ADEC52974}.Debug|ia32.ActiveCfg = Debug|Win32
		{3135D563-9596-4584-9ED6-616ADEC52974}.Debug|ia32.Build.0 = Debug|Win32
		{3135D563-9596-4584-9ED6-616ADEC52974}.Debug|x64.ActiveCfg = Debug|x64
		{3135D563-9596-4584-9ED6-616ADEC52974}.Debug|x64.Build.0 = Debug|x64
		{3135D563-9596-4584-9ED6-616ADEC52974}.Release|aa64.ActiveCfg = Release|ARM64
		{3135D563-9596-4584-9ED6-616ADEC52974}.Release|aa64.Build.0 = Release|ARM64
		{3135D563-9596-4584-9ED6-616ADEC52974}.Release|arm.ActiveCfg = Release|ARM
		{3135D563-9596-4584-9ED6-616ADEC52974}.Release|arm.Build.0 = Release|ARM
		{3135D563-9596-4584-9ED6-616ADEC52974}.Release|ia32.ActiveCfg = Release|Win32
		{3135D563-9596-4584-9ED6-616ADEC52974}.Release|ia32.Build.0 = Release|Win32
		{3135D563-9596-4584-9ED6-616ADEC52974}.Release|x64.ActiveCfg = Release|x64
		{3135D563-9596-4584-9ED6-616ADEC52974}.Release|x64.Build.0 = Release|x64
		{DFA0BA98-D0BA-4176-9A34-B5BA6355B1DE}.Debug|aa64.ActiveCfg = Debug|ARM64
		{DFA0BA98-D0BA-4176-9A34-B5BA6355B1DE}.Debug|aa64.Build.0 = Debug|ARM64
		{DFA0BA98-D0BA-4176-9A34-B5BA6355B1DE}.Debug|arm.ActiveCfg = Debug|ARM
		{DFA0BA98-D0BA-4176-9A34-B5BA6355B1DE}.Debug|arm.Build.0 = Debug|ARM
		{DFA0BA98-D0BA-4176-9A34-B5BA6355B1DE}.Debug|ia32.ActiveCfg = Debug|Win32
		{DFA0BA98-D0BA-4176-9A34-B5BA6355B1DE}.Debug|ia32.Build.0 = Debug|Win32
		{DFA0BA98-D0BA-4176-9A34-B5BA6355B1DE}.Debug|x64.ActiveCfg = Debug|x64
		{DFA0BA98-D0BA-4176-9A34-B5BA6355B1DE}.Debug|x64.Build.0 = Debug|x64
		{DFA0BA98-D0BA-4176-9A34-B5BA6355B1DE}.Release|aa64.ActiveCfg = Release|ARM64
		{DFA0BA98-D0BA-4176-9A34-B5BA6355B1DE}.Release|aa64.Build.0 = Release|ARM64
		{DFA0BA98-D0BA-4176-9A34-B5BA6355B1DE}.Release|arm.ActiveCfg = Release|ARM
		{DFA0BA98-D0BA-4176-9A34-B5BA6355B1DE}.Release|arm.Build.0 = Release|ARM
		{DFA0BA98-D0BA-4176-9A34-B5BA6355B1DE}.Release|ia32.ActiveCfg = Release|Win32
		{DFA0BA98-D0BA-4176-9A34-B5BA6355B1DE}.Release|ia32.Build.0 = Release|Win32
		{DFA0BA98-D0BA-4176-9A34-B5BA6355B1DE}.Release|x64.ActiveCfg = Release|x64
		{DFA0BA98-D0BA-4176-9A34-B5BA6355B1DE}.Release|x64.Build.0 = Release|x64
		{7FD7832D-F7C7-4B3F-9B6D-8A48BDC74E6C}.Debug|aa64.ActiveCfg = Debug|ARM64
		{7FD7832D-F7C7-4B3F-9B6D-8A48BDC74E6C}.Debug|aa64.Build.0 = Debug|ARM64
		{7FD7832D-F7C7-4B3F-9B6D-8A48BDC74E6C}.Debug|arm.ActiveCfg = Debug|ARM
		{7FD7832D-F7C7-4B3F-9B6D-8A48BDC74E6C}.Debug|arm.Build.0 = Debug|ARM
		{7FD7832D-F7C7-4B3F-9B6D-8A48BDC74E6C}.Debug|ia32.ActiveCfg = Debug|Win32
		{7FD7832D-F7C7-4B3F-9B6D-8A48BDC74E6C}.Debug|ia32.Build.0 = Debug|Win32
		{7FD7832D-F7C7-4B3F-9B6D-8A48BDC74E6C}.Debug|x64.ActiveCfg = Debug|x64
		{7FD7832D-F7C7-4B3F-9B6D-8A48BDC74E6C}.Debug|x64.Build.0 = Debug|x64
		{7FD7832D-F7C7-4B3F-9B6D-8A48BDC74E6C}.Release|aa64.ActiveCfg = Release|ARM64
		{7FD7832D-F7C7-4B3F-9B6D-8A48BDC74E6C}.Release|aa64.Build.0 = Release|ARM64
		{7FD7832D-F7C7-4B3F-9B6D-8A48BDC74E6C}.Release|arm.ActiveCfg = Release|ARM
		{7FD7832D-F7C7-4B3F-9B6D-8A48BDC74E6C}.Release|arm.Build.0 = Release|ARM
		{7FD7832D-F7C7-4B3F-9B6D-8A48BDC74E6C}.Release|ia32.ActiveCfg = Release|Win32
		{7FD7832D-F7C7-4B3F-9B6D-8A48BDC74E6C}.Release|ia32.Build.0 = Release|Win32
		{7FD7832D-F7C7-4B3F-9B6D-8A48BDC74E6C}.Release|x64.ActiveCfg = Release|x64
		{7FD7832D-F7C7-4B3F-9B6D-8A48BDC74E6C}.Release|x64.Build.0 = Release|x64
		{ED1B23FB-FCCA-4ED7-9E99-EEAAD9F2FB7F}.Debug|aa64.ActiveCfg = Debug|ARM64
		{ED1B23FB-FCCA-4ED7-9E99-EEAAD9F2FB7F}.Debug|aa64.Build.0 = Debug|ARM64
		{ED1B23FB-FCCA-4ED7-9E99-EEAAD9F2FB7F}.Debug|arm.ActiveCfg = Debug|ARM
		{ED1B23FB-FCCA-4ED7-9E99-EEAAD9F2FB7F}.Debug|arm.Build.0 = Debug|ARM
		{ED1B23FB-FCCA-4ED7-9E99-EEAAD9F2FB7F}.Debug|ia32.ActiveCfg = Debug|Win32
		{ED1B23FB-FCCA-4ED7-9E99-EEAAD9F2FB7F}.Debug|ia32.Build.0 = Debug|Win32
		{ED1B23FB-FCCA-4ED7-9E99-EEAAD9F2FB7F}.Debug|x64.ActiveCfg = Debug|x64
		{ED1B23FB-FCCA-4ED7-9E99-EEAAD9F2FB7F}.Debug|x64.Build.0 = Debug|x64
		{ED1B23FB-FCCA-4ED7-9E99-EEAAD9F2FB7F}.Release|aa64.ActiveCfg = Release|ARM64
		{ED1B23FB-FCCA-4ED7-9E99-EEAAD9F2FB7F}.Release|aa64.Build.0 = Release|ARM64
		{ED1B23FB-FCCA-4ED7-9E99-EEAAD9F2FB7F}.Release|arm.ActiveCfg = Release|ARM
		{ED1B23FB-FCCA-4ED7-9E99-EEAAD9F2FB7F}.Release|arm.Build.0 = Release|ARM
		{ED1B23FB-FCCA-4ED7-9E99-EEAAD9F2FB7F}.Release|ia32.ActiveCfg = Release|Win32
		{ED1B23FB-FCCA-4ED7-9E99-EEAAD9F2FB7F}.Release|ia32.Build.0 = Release|Win32
		{ED1B23FB-FCCA-4ED7-9E99-EEAAD9F2FB7F}.Release|x64.ActiveCfg = Release|x64
		{ED1B23FB-FCCA-4ED7-9E99-EEAAD9F2FB7F}.Release|x64.Build.0 = Release|x64
		{3947DB96-3A01-4F8C-B7C1-2C4D6C00D640}.Debug|aa64.ActiveCfg = Debug|ARM64
		{3947DB96-3A01-4F8C-B7C1-2C4D6C00D640}.Debug|aa64.Build.0 = Debug|ARM64
		{3947DB96-3A01-4F8C-B7C1-2C4D6C00D640}.Debug|arm.ActiveCfg = Debug|ARM
		{3947DB96-3A01-4F8C-B7C1-2C4D6C00D640}.Debug|arm.Build.0 = Debug|ARM
		{3947DB96-3A01-4F8C-B7C1-2C4D6C00D640}.Debug|ia32.ActiveCfg = Debug|Win32
		{3947DB96-3A01-4F8C-B7C1-2C4D6C00D640}.Debug|ia32.Build.0 = Debug|Win32
		{3947DB96-3A01-4F8C-B7C1-2C4D6C00D640}.Debug|x64.ActiveCfg = Debug|x64
		{3947DB96-3A01-4F8C-B7C1-2C4D6C00D640}.Debug|x64.Build.0 = Debug|x64
		{3947DB96-3A01-4F8C-B7C1-2C4D6C00D640}.Release|aa64.ActiveCfg = Release|ARM64
		{3947DB96-3A01-4F8C-B7C1-2C4D6C00D640}.Release|aa64.Build.0 = Release|ARM64
		{3947DB96-3A01-4F8C-B7C1-2C4D6C00D640}.Release|arm.ActiveCfg = Release|ARM
		{3947DB96-3A01-4F8C-B7C1-2C4D6C00D640}.Release|arm.Build.0 = Release|ARM
		{3947DB96-3A01-4F8C-B7C1-2C4D6C00D640}.Release|ia32.ActiveCfg = Release|Win32
		{3947DB96-3A01-4F8C-B7C1-2C4D6C00D640}.Release|ia32.Build.0 = Release|Win32
		{3947DB96-3A01-4F8C-B7C1-2C4D6C00D640}.Release|x64.ActiveCfg = Release|x64
		{3947DB96-3A01-4F8C-B7C1-2C4D6C00D640}.Release|x64.Build.0 = Release|x64
		{80BD2830-EF30-4110-97BA-1B9A7B855996}.Debug|aa64.ActiveCfg = Debug|ARM64
		{80BD2830-EF30-4110-97BA-1B9A7B855996}.Debug|aa64.Build.0 = Debug|ARM64
		{80BD2830-EF30-4110-97BA-1B9A7B855996}.Debug|arm.ActiveCfg = Debug|ARM
		{80BD2830-EF30-4110-97BA-1B9A7B855996}.Debug|arm.Build.0 = Debug|ARM
		{80BD2830-EF30-4110-97BA-1B9A7B855996}.Debug|ia32.ActiveCfg = Debug|Win32
		{80BD2830-EF30-4110-97BA-1B9A7B855996}.Debug|ia32.Build.0 = Debug|Win32
		{80BD2830-EF30-4110-97BA-1B9A7B855996}.Debug|x64.ActiveCfg = Debug|x64
		{80BD2830-EF30-4110-97BA-1B9A7B855996}.Debug|x64.Build.0 = Debug|x64
		{80BD2830-EF30-4110-97BA-1B9A7B855996}.Release|aa64.ActiveCfg = Release|ARM64
		{80BD2830-EF30-4110-97BA-1B9A7B855996}.Release|aa64.Build.0 = Release|ARM64
		{80BD2830-EF30-4110-97BA-1B9A7B855996}.Release|arm.ActiveCfg = Release|ARM
		{80BD2830-EF30-4110-97BA-1B9A7B855996}.Release|arm.Build.0 = Release|ARM
		{80BD2830-EF30-4110-97BA-1B9A7B855996}.Release|ia32.ActiveCfg = Release|Win32
		{80BD2830-EF30-4110-97BA-1B9A7B855996}.Release|ia32.Build.0 = Release|Win32
		{80BD2830-EF30-4110-97BA-1B9A7B855996}.Release|x64.ActiveCfg = Release|x64
		{80BD2830-EF30-4110-97BA-1B9A7B855996}.Release|x64.Build.0 = Release|x64
		{627A0AFB-B9A9-4FC9-9D6B-4D9E227A0666}.Debug|aa64.ActiveCfg = Debug|ARM64
		{627A0AFB-B9A9-4FC9-9D6B-4D9E227A0666}.Debug|aa64.Build.0 = Debug|ARM64
		{627A0AFB-B9A9-4FC9-9D6B-4D9E227A0666}.Debug|arm.ActiveCfg = Debug|ARM
		{627A0AFB-B9A9-4FC9-9D6B-4D9E227A0666}.Debug|arm.Build.0 = Debug|ARM
		{627A0AFB-B9A9-4FC9-9D6B-4D9E227A0666}.Debug|ia32.ActiveCfg = Debug|Win32
		{627A0AFB-B9A9-4FC9-9D6B-4D9E227A0666}.Debug|ia32.Build.0 = Debug|Win32
		{627A0AFB-B9A9-4FC9-9D6B-4D9E227A0666}.Debug|x64.ActiveCfg = Debug|x64
		{627A0AFB-B9A9-4FC9-9D6B-4D9E227A0666}.Debug|x64.Build.0 = Debug|x64
		{627A0AFB-B9A9-4FC9-9D6B-4D9E227A0666}.Release|aa64.ActiveCfg = Release|ARM64
		{627A0AFB-B9A9-4FC9-9D6B-4D9E227A0666}.Release|aa64.Build.0 = Release|ARM64
		{627A0AFB-B9A9-4FC9-9D6B-4D9E227A0666}.Release|arm.ActiveCfg = Release|ARM
		{627A0AFB-B9A9-4FC9-9D6B-4D9E227A0666}.Release|arm.Build.0 = Release|ARM
		{627A0AFB-B9A9-4FC9-9D6B-4D9E227A0666}.Release|ia32.ActiveCfg = Release|Win32
		{627A0AFB-B9A9-4FC9-9D6B-4D9E227A0666}.Release|ia32.Build.0 = Release|Win32
		{627A0AFB-B9A9-4FC9-9D6B-4D9E227A0666}.Release|x64.ActiveCfg = Release|x64
		{627A0AFB-B9A9-4FC9-9D6B-4D9E227A0666}.Release|x64.Build.0 = Release|x64
		{7C059723-3CD2-484B-8064-238CE7A437BD}.Debug|aa64.ActiveCfg = Debug|ARM64
		{7C059723-3CD2-484B-8064-238CE7A437BD}.Debug|aa64.Build.0 = Debug|ARM64
		{7C059723-3CD2-484B-8064-238CE7A437BD}.Debug|arm.ActiveCfg = Debug|ARM
		{7C059723-3CD2-484B-8064-238CE7A437BD}.Debug|arm.Build.0 = Debug|ARM
		{7C059723-3CD2-484B-8064-238CE7A437BD}.Debug|ia32.ActiveCfg = Debug|Win32
		{7C059723-3CD2-484B-8064-238CE7A437BD}.Debug|ia32.Build.0 = Debug|Win32
		{7C059723-3CD2-484B-8064-238CE7A437BD}.Debug|x64.ActiveCfg = Debug|x64
		{7C059723-3CD2-484B-8064-238CE7A437BD}.Debug|x64.Build.0 = Debug|x64
		{7C059723-3CD2-484B-8064-238CE7A437BD}.Release|aa64.ActiveCfg = Release|ARM64
		{7C059723-3CD2-484B-8064-238CE7A437BD}.Release|aa64.Build.0 = Release|ARM64
		{7C059723-3CD2-484B-8064-238CE7A437BD}.Release|arm.ActiveCfg = Release|ARM
		{7C059723-3CD2-484B-8064-238CE7A437BD}.Release|arm.Build.0 = Release|ARM
		{7C059723-3CD2-484B-8064-238CE7A437BD}.Release|ia32.ActiveCfg = Release|Win32
		{7C059723-3CD2-484B-8064-238CE7A437BD}.Release|ia32.Build.0 = Release|Win32
		{7C059723-3CD2-484B-8064-238CE7A437BD}.Release|x64.ActiveCfg = Release|x64
		{7C059723-3CD2-484B-8064-238CE7A437BD}.Release|x64.Build.0 = Release|x64
		{5AD238D9-79AA-4166-BC86-EF759EA45BAB}.Debug|aa64.ActiveCfg = Debug|ARM64
		{5AD238D9-79AA-4166-BC86-EF759EA45BAB}.Debug|aa64.Build.0 = Debug|ARM64
		{5AD238D9-79AA-4166-BC86-EF759EA45BAB}.Debug|arm.ActiveCfg = Debug|ARM
		{5AD238D9-79AA-4166-BC86-EF759EA45BAB}.Debug|arm.Build.0 = Debug|ARM
		{5AD238D9-79AA-4166-BC86-EF759EA45BAB}.Debug|ia32.ActiveCfg = Debug|Win32
		{5AD238D9-79AA-4166-BC86-EF759EA45BAB}.Debug|ia32.Build.0 = Debug|Win32
		{5AD238D9-79AA-4166-BC86-EF759EA45BAB}.Debug|x64.ActiveCfg = Debug|x64
		{5AD238D9-79AA-4166-BC86-EF759EA45BAB}.Debug|x64.Build.0 = Debug|x64
		{5AD238D9-79AA-4166-BC86-EF759EA45BAB}.Release|aa64.ActiveCfg = Release|ARM64
		{5AD238D9-79AA-4166-BC86-EF759EA45BAB}.Release|aa64.Build.0 = Release|ARM64
		{5AD238D9-79AA-4166-BC86-EF759EA45BAB}.Release|arm.ActiveCfg = Release|ARM
		{5AD238D9-79AA-4166-BC86-EF759EA45BAB}.Release|arm.Build.0 = Release|ARM
		{5AD238D9-79AA-4166-BC86-EF759EA45BAB}.Release|ia32.ActiveCfg = Release|Win32
		{5AD238D9-79AA-4166-BC86-EF759EA45BAB}.Release|ia32.Build.0 = Release|Win32
		{5AD238D9-79AA-4166-BC86-EF759EA45BAB}.Release|x64.ActiveCfg = Release|x64
		{5AD238D9-79AA-4166-BC86-EF759EA45BAB}.Release|x64.Build.0 = Release|x64
		{731CD95E-7CCD-495F-9456-E2D71357C807}.Debug|aa64.ActiveCfg = Debug|ARM64
		{731CD95E-7CCD-495F-9456-E2D71357C807}.Debug|aa64.Build.0 = Debug|ARM64
		{731CD95E-7CCD-495F-9456-E2D71357C807}.Debug|arm.ActiveCfg = Debug|ARM
		{731CD95E-7CCD-495F-9456-E2D71357C807}.Debug|arm.Build.0 = Debug|ARM
		{731CD95E-7CCD-495F-9456-E2D71357C807}.Debug|ia32.ActiveCfg = Debug|Win32
		{731CD95E-7CCD-495F-9456-E2D71357C807}.Debug|ia32.Build.0 = Debug|Win32
		{731CD95E-7CCD-495F-9456-E2D71357C807}.Debug|x64.ActiveCfg = Debug|x64
		{731CD95E-7CCD-495F-9456-E2D71357C807}.Debug|x64.Build.0 = Debug|x64
		{731CD95E-7CCD-495F-9456-E2D71357C807}.Release|aa64.ActiveCfg = Release|ARM64
		{731CD95E-7CCD-495F-9456-E2D71357C807}.Release|aa64.Build.0 = Release|ARM64
		{731CD95E-7CCD-495F-9456-E2D71357C807}.Release|arm.ActiveCfg = Release|ARM
		{731CD95E-7CCD-495F-9456-E2D71357C807}.Release|arm.Build.0 = Release|ARM
		{731CD95E-7CCD-495F-9456-E2D71357C807}.Release|ia32.ActiveCfg = Release|Win32
		{731CD95E-7CCD-495F-9456-E2D71357C807}.Release|ia32.Build.0 = Release|Win32
		{731CD95E-7CCD-495F-9456-E2D71357C807}.Release|x64.ActiveCfg = Release|x64
		{731CD95E-7CCD-495F-9456-E2D71357C807}.Release|x64.Build.0 = Release|x64
		{6F1EB89D-8968-4C3B-9F77-B23788F2D8C1}.Debug|aa64.ActiveCfg = Debug|ARM64
		{6F1EB89D-8968-4C3B-9F77-B23788F2D8C1}.Debug|aa64.Build.0 = Debug|ARM64
		{6F1EB89D-8968-4C3B-9F77-B23788F2D8C1}.Debug|arm.ActiveCfg = Debug|ARM
		{6F1EB89D-8968-4C3B-9F77-B23788F2D8C1}.Debug|arm.Build.0 = Debug|ARM
		{6F1EB89D-8968-4C3B-9F77-B23788F2D8C1}.Debug|ia32.ActiveCfg = Debug|Win32
		{6F1EB89D-8968-4C3B-9F77-B23788F2D8C1}.Debug|ia32.Build.0 = Debug|Win32
		{6F1EB89D-8968-4C3B-9F77-B23788F2D8C1}.Debug|x64.ActiveCfg = Debug|x64
		{6F1EB89D-8968-4C3B-9F77-B23788F2D8C1}.Debug|x64.Build.0 = Debug|x64
		{6F1EB89D-8968-4C3B-9F77-B23788F2D8C1}.Release|aa64.ActiveCfg = Release|ARM64
		{6F1EB89D-8968-4C3B-9F77-B23788F2D8C1}.Release|aa64.Build.0 = Release|ARM64
		{6F1EB89D-8968-4C3B-9F77-B23788F2D8C1}.Release|arm.ActiveCfg = Release|ARM
		{6F1EB89D-8968-4C3B-9F77-B23788F2D8C1}.Release|arm.Build.0 = Release|ARM
		{6F1EB89D-8968-4C3B-9F77-B23788F2D8C1}.Release|ia32.ActiveCfg = Release|Win32
		{6F1EB89D-8968-4C3B-9F77-B23788F2D8C1}.Release|ia32.Build.0 = Release|Win32
		{6F1EB89D-8968-4C3B-9F77-B23788F2D8C1}.Release|x64.ActiveCfg = Release|x64
		{6F1EB89D-8968-4C3B-9F77-B23788F2D8C1}.Release|x64.Build.0 = Release|x64
		{5D8EA8B2-C75F-4E3A-B0BC-E6B77AC77FF5}.Debug|aa64.ActiveCfg = Debug|ARM64
		{5D8EA8B2-C75F-4E3A-B0BC-E6B77AC77FF5}.Debug|aa64.Build.0 = Debug|ARM64
		{5D8EA8B2-C75F-4E3A-B0BC-E6B77AC77FF5}.Debug|arm.ActiveCfg = Debug|ARM
		{5D8EA8B2-C75F-4E3A-B0BC-E6B77AC77FF5}.Debug|arm.Build.0 = Debug|ARM
		{5D8EA8B2-C75F-4E3A-B0BC-E6B77AC77FF5}.Debug|ia32.ActiveCfg = Debug|Win32
		{5D8EA8B2-C75F-4E3A-B0BC-E6B77AC77FF5}.Debug|ia32.Build.0 = Debug|Win32
		{5D8EA8B2-C75F-4E3A-B0BC-E6B77AC77FF5}.Debug|x64.ActiveCfg = Debug|x64
		{5D8EA8B2-C75F-4E3A-B0BC-E6B77AC77FF5}.Debug|x64.Build.0 = Debug|x64
		{5D8EA8B2-C75F-4E3A-B0BC-E6B77AC77FF5}.Release|aa64.ActiveCfg = Release|ARM64
		{5D8EA8B2-C75F-4E3A-B0BC-E6B77AC77FF5}.Release|aa64.Build.0 = Release|ARM64
		{5D8EA8B2-C75F-4E3A-B0BC-E6B77AC77FF5}.Release|arm.ActiveCfg = Release|ARM
		{5D8EA8B2-C75F-4E3A-B0BC-E6B77AC77FF5}.Release|arm.Build.0 = Release|ARM
		{5D8EA8B2-C75F-4E3A-B0BC-E6B77AC77FF5}.Release|ia32.ActiveCfg = Release|Win32
		{5D8EA8B2-C75F-4E3A-B0BC-E6B77AC77FF5}.Release|ia32.Build.0 = Release|Win32
		{5D8EA8B2-C75F-4E3A-B0BC-E6B77AC77FF5}.Release|x64.ActiveCfg = Release|x64
		{5D8EA8B2-C75F-4E3A-B0BC-E6B77AC77FF5}.Release|x64.Build.0 = Release|x64
		{9BA1F692-0824-442E-B700-69C3D85D64EE}.Debug|aa64.ActiveCfg = Debug|ARM64
		{9BA1F692-0824-442E-B700-69C3D85D64EE}.Debug|aa64.Build.0 = Debug|ARM64
		{9BA1F692-0824-442E-B700-69C3D85D64EE}.Debug|arm.ActiveCfg = Debug|ARM
		{9BA1F692-0824-442E-B700-69C3D85D64EE}.Debug|arm.Build.0 = Debug|ARM
		{9BA1F692-0824-442E-B700-69C3D85D64EE}.Debug|ia32.ActiveCfg = Debug|Win32
		{9BA1F692-0824-442E-B700-69C3D85D64EE}.Debug|ia32.Build.0 = Debug|Win32
		{9BA1F692-0824-442E-B700-69C3D85D64EE}.Debug|x64.ActiveCfg = Debug|x64
		{9BA1F692-0824-442E-B700-69C3D85D64EE}.Debug|x64.Build.0 = Debug|x64
		{9BA1F692-0824-442E-B700-69C3D85D64EE}.Release|aa64.ActiveCfg = Release|ARM64
		{9BA1F692-0824-442E-B700-69C3D85D64EE}.Release|aa64.Build.0 = Release|ARM64
		{9BA1F692-0824-442E-B700-69C3D85D64EE}.Release|arm.ActiveCfg = Release|ARM
		{9BA1F692-0824-442E-B700-69C3D85D64EE}.Release|arm.Build.0 = Release|ARM
		{9BA1F692-0824-442E-B700-69C3D85D64EE}.Release|ia32.ActiveCfg = Release|Win32
		{9BA1F692-0824-442E-B700-69C3D85D64EE}.Release|ia32.Build.0 = Release|Win32
		{9BA1F692-0824-442E-B700-69C3D85D64EE}.Release|x64.ActiveCfg = Release|x64
		{9BA1F692-0824-442E-B700-69C3D85D64EE}.Release|x64.Build.0 = Release|x64
		{DCB81D4D-15B8-440D-A757-5B0036C0F4F6}.Debug|aa64.ActiveCfg = Debug|ARM64
		{DCB81D4D-15B8-440D-A757-5B0036C0F4F6}.Debug|aa64.Build.0 = Debug|ARM64
		{DCB81D4D-15B8-440D-A757-5B0036C0F4F6}.Debug|arm.ActiveCfg = Debug|ARM
		{DCB81D4D-15B8-440D-A757-5B0036C0F4F6}.Debug|arm.Build.0 = Debug|ARM
		{DCB81D4D-15B8-440D-A757-5B0036C0F4F6}.Debug|ia32.ActiveCfg = Debug|Win32
		{DCB81D4D-15B8-440D-A757-5B0036C0F4F6}.Debug|ia32.Build.0 = Debug|Win32
		{DCB81D4D-15B8-440D-A757-5B0036C0F4F6}.Debug|x64.ActiveCfg = Debug|x64
		{DCB81D4D-15B8-440D-A757-5B0036C0F4F6}.Debug|x64.Build.0 = Debug|x64
		{DCB81D4D-15B8-440D-A757-5B0036C0F4F6}.Release|aa64.ActiveCfg = Release|ARM64
		{DCB81D4D-15B8-440D-A757-5B0036C0F4F6}.Release|aa64.Build.0 = Release|ARM64
		{DCB81D4D-15B8-440D-A757-5B0036C0F4F6}.Release|arm.ActiveCfg = Release|ARM
		{DCB81D4D-15B8-440D-A757-5B0036C0F4F6}.Release|arm.Build.0 = Release|ARM
		{DCB81D4D-15B8-440D-A757-5B0036C0F4F6}.Release|ia32.ActiveCfg = Release|Win32
		{DCB81D4D-15B8-440D-A757-5B0036C0F4F6}.Release|ia32.Build.0 = Release|Win32
		{DCB81D4D-15B8-440D-A757-5B0036C0F4F6}.Release|x64.ActiveCfg = Release|x64
		{DCB81D4D-15B8-440D-A757-5B0036C0F4F6}.Release|x64.Build.0 = Release|x64
		{AFF91400-F772-419A-9463-D9900B43C666}.Debug|aa64.ActiveCfg = Debug|ARM64
		{AFF91400-F772-419A-9463-D9900B43C666}.Debug|aa64.Build.0 = Debug|ARM64
		{AFF91400-F772-419A-9463-D9900B43C666}.Debug|arm.ActiveCfg = Debug|ARM
		{AFF91400-F772-419A-9463-D9900B43C666}.Debug|arm.Build.0 = Debug|ARM
		{AFF91400-F772-419A-9463-D9900B43C666}.Debug|ia32.ActiveCfg = Debug|Win32
		{AFF91400-F772-419A-9463-D9900B43C666}.Debug|ia32.Build.0 = Debug|Win32
		{AFF91400-F772-419A-9463-D9900B43C666}.Debug|x64.ActiveCfg = Debug|x64
		{AFF91400-F772-419A-9463-D9900B43C666}.Debug|x64.Build.0 = Debug|x64
		{AFF91400-F772-419A-9463-D9900B43C666}.Release|aa64.ActiveCfg = Release|ARM64
		{AFF91400-F772-419A-9463-D9900B43C666}.Release|aa64.Build.0 = Release|ARM64
		{AFF91400-F772-419A-9463-D9900B43C666}.Release|arm.ActiveCfg = Release|ARM
		{AFF91400-F772-419A-9463-D9900B43C666}.Release|arm.Build.0 = Release|ARM
		{AFF91400-F772-419A-9463-D9900B43C666}.Release|ia32.ActiveCfg = Release|Win32
		{AFF91400-F772-419A-9463-D9900B43C666}.Release|ia32.Build.0 = Release|Win32
		{AFF91400-F772-419A-9463-D9900B43C666}.Release|x64.ActiveCfg = Release|x64
		{AFF91400-F772-419A-9463-D9900B43C666}.Release|x64.Build.0 = Release|x64
		{3428718B-4B7E-48F5-8D15-B9F3E3CFF38E}.Debug|aa64.ActiveCfg = Debug|ARM64
		{3428718B-4B7E-48F5-8D15-B9F3E3CFF38E}.Debug|aa64.Build.0 = Debug|ARM64
		{3428718B-4B7E-48F5-8D15-B9F3E3CFF38E}.Debug|arm.ActiveCfg = Debug|ARM
		{3428718B-4B7E-48F5-8D15-B9F3E3CFF38E}.Debug|arm.Build.0 = Debug|ARM
		{3428718B-4B7E-48F5-8D15-B9F3E3CFF38E}.Debug|ia32.ActiveCfg = Debug|Win32
		{3428718B-4B7E-48F5-8D15-B9F3E3CFF38E}.Debug|ia32.Build.0 = Debug|Win32
		{3428718B-4B7E-48F5-8D15-B9F3E3CFF38E}.Debug|x64.ActiveCfg = Debug|x64
		{3428718B-4B7E-48F5-8D15-B9F3E3CFF38E}.Debug|x64.Build.0 = Debug|x64
		{3428718B-4B7E-48F5-8D15-B9F3E3CFF38E}.Release|aa64.ActiveCfg = Release|ARM64
		{3428718B-4B7E-48F5-8D15-B9F3E3CFF38E}.Release|aa64.Build.0 = Release|ARM64
		{3428718B-4B7E-48F5-8D15-B9F3E3CFF38E}.Release|arm.ActiveCfg = Release|ARM
		{3428718B-4B7E-48F5-8D15-B9F3E3CFF38E}.Release|arm.Build.0 = Release|ARM
		{3428718B-4B7E-48F5-8D15-B9F3E3CFF38E}.Release|ia32.ActiveCfg = Release|Win32
		{3428718B-4B7E-48F5-8D15-B9F3E3CFF38E}.Release|ia32.Build.0 = Release|Win32
		{3428718B-4B7E-48F5-8D15-B9F3E3CFF38E}.Release|x64.ActiveCfg = Release|x64
		{3428718B-4B7E-48F5-8D15-B9F3E3CFF38E}.Release|x64.Build.0 = Release|x64
		{7F52AAA4-2071-49D6-A783-529D3CB5AF61}.Debug|aa64.ActiveCfg = Debug|ARM64
		{7F52AAA4-2071-49D6-A783-529D3CB5AF61}.Debug|aa64.Build.0 = Debug|ARM64
		{7F52AAA4-2071-49D6-A783-529D3CB5AF61}.Debug|arm.ActiveCfg = Debug|ARM
		{7F52AAA4-2071-49D6-A783-529D3CB5AF61}.Debug|arm.Build.0 = Debug|ARM
		{7F52AAA4-2071-49D6-A783-529D3CB5AF61}.Debug|ia32.ActiveCfg = Debug|Win32
		{7F52AAA4-2071-49D6-A783-529D3CB5AF61}.Debug|ia32.Build.0 = Debug|Win32
		{7F52AAA4-2071-49D6-A783-529D3CB5AF61}.Debug|x64.ActiveCfg = Debug|x64
		{7F52AAA4-2071-49D6-A783-529D3CB5AF61}.Debug|x64.Build.0 = Debug|x64
		{7F52AAA4-2071-49D6-A783-529D3CB5AF61}.Release|aa64.ActiveCfg = Release|ARM64
		{7F52AAA4-2071-49D6-A783-529D3CB5AF61}.Release|aa64.Build.0 = Release|ARM64
		{7F52AAA4-2071-49D6-A783-529D3CB5AF61}.Release|arm.ActiveCfg = Release|ARM
		{7F52AAA4-2071-49D6-A783-529D3CB5AF61}.Release|arm.Build.0 = Release|ARM
		{7F52AAA4-2071-49D6-A783-529D3CB5AF61}.Release|ia32.ActiveCfg = Release|Win32
		{7F52AAA4-2071-49D6-A783-529D3CB5AF61}.Release|ia32.Build.0 = Release|Win32
		{7F52AAA4-2071-49D6-A783-529D3CB5AF61}.Release|x64.ActiveCfg = Release|x64
		{7F52AAA4-2071-49D6-A783-529D3CB5AF61}.Release|x64.Build.0 = Release|x64
		{0AE45092-20C3-4999-BFDC-77F2D0FDFF60}.Debug|aa64.ActiveCfg = Debug|ARM64
		{0AE45092-20C3-4999-BFDC-77F2D0FDFF60}.Debug|aa64.Build.0 = Debug|ARM64
		{0AE45092-20C3-4999-BFDC-77F2D0FDFF60}.Debug|arm.ActiveCfg = Debug|ARM
		{0AE45092-20C3-4999-BFDC-77F2D0FDFF60}.Debug|arm.Build.0 = Debug|ARM
		{0AE45092-20C3-4999-BFDC-77F2D0FDFF60}.Debug|ia32.ActiveCfg = Debug|Win32
		{0AE45092-20C3-4999-BFDC-77F2D0FDFF60}.Debug|ia32.Build.0 = Debug|Win32
		{0AE45092-20C3-4999-BFDC-77F2D0FDFF60}.Debug|x64.ActiveCfg = Debug|x64
		{0AE45092-20C3-4999-BFDC-77F2D0FDFF60}.Debug|x64.Build.0 = Debug|x64
		{0AE45092-20C3-4999-BFDC-77F2D0FDFF60}.Release|aa64.ActiveCfg = Release|ARM64
		{0AE45092-20C3-4999-BFDC-77F2D0FDFF60}.Release|aa64.Build.0 = Release|ARM64
		{0AE45092-20C3-4999-BFDC-77F2D0FDFF60}.Release|arm.ActiveCfg = Release|ARM
		{0AE45092-20C3-4999-BFDC-77F2D0FDFF60}.Release|arm.Build.0 = Release|ARM
		{0AE45092-20C3-4999-BFDC-77F2D0FDFF60}.Release|ia32.ActiveCfg = Release|Win32
		{0AE45092-20C3-4999-BFDC-77F2D0FDFF60}.Release|ia32.Build.0 = Release|Win32
		{0AE45092-20C3-4999-BFDC-77F2D0FDFF60}.Release|x64.ActiveCfg = Release|x64
		{0AE45092-20C3-4999-BFDC-77F2D0FDFF60}.Release|x64.Build.0 = Release|x64
		{04D2685F-8150-47E0-BC10-338D2D6B804C}.Debug|aa64.ActiveCfg = Debug|ARM64
		{04D2685F-8150-47E0-BC10-338D2D6B804C}.Debug|aa64.Build.0 = Debug|ARM64
		{04D2685F-8150-47E0-BC10-338D2D6B804C}.Debug|arm.ActiveCfg = Debug|ARM
		{04D2685F-8150-47E0-BC10-338D2D6B804C}.Debug|arm.Build.0 = Debug|ARM
		{04D2685F-8150-47E0-BC10-338D2D6B804C}.Debug|ia32.ActiveCfg = Debug|Win32
		{04D2685F-8150-47E0-BC10-338D2D6B804C}.Debug|ia32.Build.0 = Debug|Win32
		{04D2685F-8150-47E0-BC10-338D2D6B804C}.Debug|x64.ActiveCfg = Debug|x64
		{04D2685F-8150-47E0-BC10-338D2D6B804C}.Debug|x64.Build.0 = Debug|x64
		{04D2685F-8150-47E0-BC10-338D2D6B804C}.Release|aa64.ActiveCfg = Release|ARM64
		{04D2685F-8150-47E0-BC10-338D2D6B804C}.Release|aa64.Build.0 = Release|ARM64
		{04D2685F-8150-47E0-BC10-338D2D6B804C}.Release|arm.ActiveCfg = Release|ARM
		{04D2685F-8150-47E0-BC10-338D2D6B804C}.Release|arm.Build.0 = Release|ARM
		{04D2685F-8150-47E0-BC10-338D2D6B804C}.Release|ia32.ActiveCfg = Release|Win32
		{04D2685F-8150-47E0-BC10-338D2D6B804C}.Release|ia32.Build.0 = Release|Win32
		{04D2685F-8150-47E0-BC10-338D2D6B804C}.Release|x64.ActiveCfg = Release|x64
		{04D2685F-8150-47E0-BC10-338D2D6B804C}.Release|x64.Build.0 = Release|x64
		{6C664A44-BC53-4225-A14B-D969D4EED647}.Debug|aa64.ActiveCfg = Debug|ARM64
		{6C664A44-BC53-4225-A14B-D969D4EED647}.Debug|aa64.Build.0 = Debug|ARM64
		{6C664A44-BC53-4225-A14B-D969D4EED647}.Debug|arm.ActiveCfg = Debug|ARM
		{6C664A44-BC53-4225-A14B-D969D4EED647}.Debug|arm.Build.0 = Debug|ARM
		{6C664A44-BC53-4225-A14B-D969D4EED647}.Debug|ia32.ActiveCfg = Debug|Win32
		{6C664A44-BC53-4225-A14B-D969D4EED647}.Debug|ia32.Build.0 = Debug|Win32
		{6C664A44-BC53-4225-A14B-D969D4EED647}.Debug|x64.ActiveCfg = Debug|x64
		{6C664A44-BC53-4225-A14B-D969D4EED647}.Debug|x64.Build.0 = Debug|x64
		{6C664A44-BC53-4225-A14B-D969D4EED647}.Release|aa64.ActiveCfg = Release|ARM64
		{6C664A44-BC53-4225-A14B-D969D4EED647}.Release|aa64.Build.0 = Release|ARM64
		{6C664A44-BC53-4225-A14B-D969D4EED647}.Release|arm.ActiveCfg = Release|ARM
		{6C664A44-BC53-4225-A14B-D969D4EED647}.Release|arm.Build.0 = Release|ARM
		{6C664A44-BC53-4225-A14B-D969D4EED647}.Release|ia32.ActiveCfg = Release|Win32
		{6C664A44-BC53-4225-A14B-D969D4EED647}.Release|ia32.Build.0 = Release|Win32
		{6C664A44-BC53-4225-A14B-D969D4EED647}.Release|x64.ActiveCfg = Release|x64
		{6C664A44-BC53-4225-A14B-D969D4EED647}.Release|x64.Build.0 = Release|x64
		{6E45A33B-E4A0-48D4-81AE-ACFD46FDB1CA}.Debug|aa64.ActiveCfg = Debug|ARM64
		{6E45A33B-E4A0-48D4-81AE-ACFD46FDB1CA}.Debug|aa64.Build.0 = Debug|ARM64
		{6E45A33B-E4A0-48D4-81AE-ACFD46FDB1CA}.Debug|arm.ActiveCfg = Debug|ARM
		{6E45A33B-E4A0-48D4-81AE-ACFD46FDB1CA}.Debug|arm.Build.0 = Debug|ARM
		{6E45A33B-E4A0-48D4-81AE-ACFD46FDB1CA}.Debug|ia32.ActiveCfg = Debug|Win32
		{6E45A33B-E4A0-48D4-81AE-ACFD46FDB1CA}.Debug|ia32.Build.0 = Debug|Win32
		{6E45A33B-E4A0-48D4-81AE-ACFD46FDB1CA}.Debug|x64.ActiveCfg = Debug|x64
		{6E45A33B-E4A0-48D4-81AE-ACFD46FDB1CA}.Debug|x64.Build.0 = Debug|x64
		{6E45A33B-E4A0-48D4-81AE-ACFD46FDB1CA}.Release|aa64.ActiveCfg = Release|ARM64
		{6E45A33B-E4A0-48D4-81AE-ACFD46FDB1CA}.Release|aa64.Build.0 = Release|ARM64
		{6E45A33B-E4A0-48D4-81AE-ACFD46FDB1CA}.Release|arm.ActiveCfg = Release|ARM
		{6E45A33B-E4A0-48D4-81AE-ACFD46FDB1CA}.Release|arm.Build.0 = Release|ARM
		{6E45A33B-E4A0-48D4-81AE-ACFD46FDB1CA}.Release|ia32.ActiveCfg = Release|Win32
		{6E45A33B-E4A0-48D4-81AE-ACFD46FDB1CA}.Release|ia32.Build.0 = Release|Win32
		{6E45A33B-E4A0-48D4-81AE-ACFD46FDB1CA}.Release|x64.ActiveCfg = Release|x64
		{6E45A33B-E4A0-48D4-81AE-ACFD46FDB1CA}.Release|x64.Build.0 = Release|x64
		{06089797-265A-4FF5-838E-25374C1F0159}.Debug|aa64.ActiveCfg = Debug|ARM64
		{06089797-265A-4FF5-838E-25374C1F0159}.Debug|aa64.Build.0 = Debug|ARM64
		{06089797-265A-4FF5-838E-25374C1F0159}.Debug|arm.ActiveCfg = Debug|ARM
		{06089797-265A-4FF5-838E-25374C1F0159}.Debug|arm.Build.0 = Debug|ARM
		{06089797-265A-4FF5-838E-25374C1F0159}.Debug|ia32.ActiveCfg = Debug|Win32
		{06089797-265A-4FF5-838E-25374C1F0159}.Debug|ia32.Build.0 = Debug|Win32
		{06089797-265A-4FF5-838E-25374C1F0159}.Debug|x64.ActiveCfg = Debug|x64
		{06089797-265A-4FF5-838E-25374C1F0159}.Debug|x64.Build.0 = Debug|x64
		{06089797-265A-4FF5-838E-25374C1F0159}.Release|aa64.ActiveCfg = Release|ARM64
		{06089797-265A-4FF5-838E-25374C1F0159}.Release|aa64.Build.0 = Release|ARM64
		{06089797-265A-4FF5-838E-25374C1F0159}.Release|arm.ActiveCfg = Release|ARM
		{06089797-265A-4FF5-838E-25374C1F0159}.Release|arm.Build.0 = Release|ARM
		{06089797-265A-4FF5-838E-25374C1F0159}.Release|ia32.ActiveCfg = Release|Win32
		{06089797-265A-4FF5-838E-25374C1F0159}.Release|ia32.Build.0 = Release|Win32
		{06089797-265A-4FF5-838E-25374C1F0159}.Release|x64.ActiveCfg = Release|x64
		{06089797-265A-4FF5-838E-25374C1F0159}.Release|x64.Build.0 = Release|x64
	EndGlobalSection
	GlobalSection(SolutionProperties) = preSolution
		HideSolutionNode = FALSE
	EndGlobalSection
	GlobalSection(NestedProjects) = preSolution
		{DFA0BA98-D0BA-4176-9A34-B5BA6355B1DE} = {DF105116-5A3A-4D48-AB1D-7221690ED545}
		{7FD7832D-F7C7-4B3F-9B6D-8A48BDC74E6C} = {DF105116-5A3A-4D48-AB1D-7221690ED545}
		{ED1B23FB-FCCA-4ED7-9E99-EEAAD9F2FB7F} = {DF105116-5A3A-4D48-AB1D-7221690ED545}
		{3947DB96-3A01-4F8C-B7C1-2C4D6C00D640} = {DF105116-5A3A-4D48-AB1D-7221690ED545}
		{80BD2830-EF30-4110-97BA-1B9A7B855996} = {DF105116-5A3A-4D48-AB1D-7221690ED545}
		{627A0AFB-B9A9-4FC9-9D6B-4D9E227A0666} = {DF105116-5A3A-4D48-AB1D-7221690ED545}
		{7C059723-3CD2-484B-8064-238CE7A437BD} = {DF105116-5A3A-4D48-AB1D-7221690ED545}
		{5AD238D9-79AA-4166-BC86-EF759EA45BAB} = {DF105116-5A3A-4D48-AB1D-7221690ED545}
		{731CD95E-7CCD-495F-9456-E2D71357C807} = {DF105116-5A3A-4D48-AB1D-7221690ED545}
		{6F1EB89D-8968-4C3B-9F77-B23788F2D8C1} = {DF105116-5A3A-4D48-AB1D-7221690ED545}
		{5D8EA8B2-C75F-4E3A-B0BC-E6B77AC77FF5} = {DF105116-5A3A-4D48-AB1D-7221690ED545}
		{9BA1F692-0824-442E-B700-69C3D85D64EE} = {DF105116-5A3A-4D48-AB1D-7221690ED545}
		{DCB81D4D-15B8-440D-A757-5B0036C0F4F6} = {DF105116-5A3A-4D48-AB1D-7221690ED545}
		{AFF91400-F772-419A-9463-D9900B43C666} = {DF105116-5A3A-4D48-AB1D-7221690ED545}
		{3428718B-4B7E-48F5-8D15-B9F3E3CFF38E} = {DF105116-5A3A-4D48-AB1D-7221690ED545}
		{7F52AAA4-2071-49D6-A783-529D3CB5AF61} = {DF105116-5A3A-4D48-AB1D-7221690ED545}
		{0AE45092-20C3-4999-BFDC-77F2D0FDFF60} = {DF105116-5A3A-4D48-AB1D-7221690ED545}
		{04D2685F-8150-47E0-BC10-338D2D6B804C} = {DF105116-5A3A-4D48-AB1D-7221690ED545}
		{6C664A44-BC53-4225-A14B-D969D4EED647} = {DF105116-5A3A-4D48-AB1D-7221690ED545}
		{6E45A33B-E4A0-48D4-81AE-ACFD46FDB1CA} = {DF105116-5A3A-4D48-AB1D-7221690ED545}
		{06089797-265A-4FF5-838E-25374C1F0159} = {DF105116-5A3A-4D48-AB1D-7221690ED545}
	EndGlobalSection
	GlobalSection(ExtensibilityGlobals) = postSolution
		SolutionGuid = {376E6530-5878-4CF4-AFB7-123F799056A2}
	EndGlobalSection
EndGlobal
